
Microsoft Visual Studio Solution File, Format Version 12.00
# Visual Studio Version 16
VisualStudioVersion = 16.0.31515.178
MinimumVisualStudioVersion = 10.0.40219.1
Project("{FAE04EC0-301F-11D3-BF4B-00C04F79EFBC}") = "H1_ERP", "H1_ERP\H1_ERP.csproj", "{B194D5A5-E87E-4402-B42A-0125D70DBFE8}"
EndProject
Global
	GlobalSection(SolutionConfigurationPlatforms) = preSolution
		Debug|Any CPU = Debug|Any CPU
		Release|Any CPU = Release|Any CPU
	EndGlobalSection
	GlobalSection(ProjectConfigurationPlatforms) = postSolution
		{B194D5A5-E87E-4402-B42A-0125D70DBFE8}.Debug|Any CPU.ActiveCfg = Debug|Any CPU
		{B194D5A5-E87E-4402-B42A-0125D70DBFE8}.Debug|Any CPU.Build.0 = Debug|Any CPU
		{B194D5A5-E87E-4402-B42A-0125D70DBFE8}.Release|Any CPU.ActiveCfg = Release|Any CPU
		{B194D5A5-E87E-4402-B42A-0125D70DBFE8}.Release|Any CPU.Build.0 = Release|Any CPU
	EndGlobalSection
	GlobalSection(SolutionProperties) = preSolution
		HideSolutionNode = FALSE
	EndGlobalSection
	GlobalSection(ExtensibilityGlobals) = postSolution
		SolutionGuid = {60D34C0B-3497-4830-97AB-6A6657CA6ACC}
	EndGlobalSection
EndGlobal
